
Microsoft Visual Studio Solution File, Format Version 12.00
# Visual Studio Version 17
VisualStudioVersion = 17.14.36221.1 d17.14
MinimumVisualStudioVersion = 10.0.40219.1
Project("{FAE04EC0-301F-11D3-BF4B-00C04F79EFBC}") = "TextRPG", "TextRPG\TextRPG.csproj", "{883066E7-2ACB-43B5-94AD-4960469803ED}"
EndProject
Global
	GlobalSection(SolutionConfigurationPlatforms) = preSolution
		Debug|Any CPU = Debug|Any CPU
		Release|Any CPU = Release|Any CPU
	EndGlobalSection
	GlobalSection(ProjectConfigurationPlatforms) = postSolution
		{883066E7-2ACB-43B5-94AD-4960469803ED}.Debug|Any CPU.ActiveCfg = Debug|Any CPU
		{883066E7-2ACB-43B5-94AD-4960469803ED}.Debug|Any CPU.Build.0 = Debug|Any CPU
		{883066E7-2ACB-43B5-94AD-4960469803ED}.Release|Any CPU.ActiveCfg = Release|Any CPU
		{883066E7-2ACB-43B5-94AD-4960469803ED}.Release|Any CPU.Build.0 = Release|Any CPU
	EndGlobalSection
	GlobalSection(SolutionProperties) = preSolution
		HideSolutionNode = FALSE
	EndGlobalSection
	GlobalSection(ExtensibilityGlobals) = postSolution
		SolutionGuid = {61E8AF0D-A1B4-4328-8E59-4C81F46FEB1E}
	EndGlobalSection
EndGlobal
